
Microsoft Visual Studio Solution File, Format Version 11.00
# Visual Studio 2010
Project("{FAE04EC0-301F-11D3-BF4B-00C04F79EFBC}") = "KETOANVONBANGTIEN", "KETOANVONBANGTIEN\KETOANVONBANGTIEN.csproj", "{EC90006F-79B0-4CCB-8F0A-820A5C82A1B1}"
EndProject
Project("{FAE04EC0-301F-11D3-BF4B-00C04F79EFBC}") = "DTO", "DTO\DTO.csproj", "{250AB255-91D9-4B70-AA58-CDCA274B01CD}"
EndProject
Project("{FAE04EC0-301F-11D3-BF4B-00C04F79EFBC}") = "DAO", "DAO\DAO.csproj", "{E4631B4D-D383-41F4-9FF3-DE58CDAA08BF}"
EndProject
Project("{FAE04EC0-301F-11D3-BF4B-00C04F79EFBC}") = "BUS", "BUS\BUS.csproj", "{8262F063-4913-4C5B-ABF0-A37CD2F44BD3}"
EndProject
Global
	GlobalSection(SolutionConfigurationPlatforms) = preSolution
		Debug|Any CPU = Debug|Any CPU
		Debug|Mixed Platforms = Debug|Mixed Platforms
		Debug|x86 = Debug|x86
		Release|Any CPU = Release|Any CPU
		Release|Mixed Platforms = Release|Mixed Platforms
		Release|x86 = Release|x86
	EndGlobalSection
	GlobalSection(ProjectConfigurationPlatforms) = postSolution
		{EC90006F-79B0-4CCB-8F0A-820A5C82A1B1}.Debug|Any CPU.ActiveCfg = Debug|x86
		{EC90006F-79B0-4CCB-8F0A-820A5C82A1B1}.Debug|Mixed Platforms.ActiveCfg = Debug|x86
		{EC90006F-79B0-4CCB-8F0A-820A5C82A1B1}.Debug|Mixed Platforms.Build.0 = Debug|x86
		{EC90006F-79B0-4CCB-8F0A-820A5C82A1B1}.Debug|x86.ActiveCfg = Debug|x86
		{EC90006F-79B0-4CCB-8F0A-820A5C82A1B1}.Debug|x86.Build.0 = Debug|x86
		{EC90006F-79B0-4CCB-8F0A-820A5C82A1B1}.Release|Any CPU.ActiveCfg = Release|x86
		{EC90006F-79B0-4CCB-8F0A-820A5C82A1B1}.Release|Mixed Platforms.ActiveCfg = Release|x86
		{EC90006F-79B0-4CCB-8F0A-820A5C82A1B1}.Release|Mixed Platforms.Build.0 = Release|x86
		{EC90006F-79B0-4CCB-8F0A-820A5C82A1B1}.Release|x86.ActiveCfg = Release|x86
		{EC90006F-79B0-4CCB-8F0A-820A5C82A1B1}.Release|x86.Build.0 = Release|x86
		{250AB255-91D9-4B70-AA58-CDCA274B01CD}.Debug|Any CPU.ActiveCfg = Debug|Any CPU
		{250AB255-91D9-4B70-AA58-CDCA274B01CD}.Debug|Any CPU.Build.0 = Debug|Any CPU
		{250AB255-91D9-4B70-AA58-CDCA274B01CD}.Debug|Mixed Platforms.ActiveCfg = Debug|Any CPU
		{250AB255-91D9-4B70-AA58-CDCA274B01CD}.Debug|Mixed Platforms.Build.0 = Debug|Any CPU
		{250AB255-91D9-4B70-AA58-CDCA274B01CD}.Debug|x86.ActiveCfg = Debug|Any CPU
		{250AB255-91D9-4B70-AA58-CDCA274B01CD}.Release|Any CPU.ActiveCfg = Release|Any CPU
		{250AB255-91D9-4B70-AA58-CDCA274B01CD}.Release|Any CPU.Build.0 = Release|Any CPU
		{250AB255-91D9-4B70-AA58-CDCA274B01CD}.Release|Mixed Platforms.ActiveCfg = Release|Any CPU
		{250AB255-91D9-4B70-AA58-CDCA274B01CD}.Release|Mixed Platforms.Build.0 = Release|Any CPU
		{250AB255-91D9-4B70-AA58-CDCA274B01CD}.Release|x86.ActiveCfg = Release|Any CPU
		{E4631B4D-D383-41F4-9FF3-DE58CDAA08BF}.Debug|Any CPU.ActiveCfg = Debug|Any CPU
		{E4631B4D-D383-41F4-9FF3-DE58CDAA08BF}.Debug|Any CPU.Build.0 = Debug|Any CPU
		{E4631B4D-D383-41F4-9FF3-DE58CDAA08BF}.Debug|Mixed Platforms.ActiveCfg = Debug|Any CPU
		{E4631B4D-D383-41F4-9FF3-DE58CDAA08BF}.Debug|Mixed Platforms.Build.0 = Debug|Any CPU
		{E4631B4D-D383-41F4-9FF3-DE58CDAA08BF}.Debug|x86.ActiveCfg = Debug|Any CPU
		{E4631B4D-D383-41F4-9FF3-DE58CDAA08BF}.Release|Any CPU.ActiveCfg = Release|Any CPU
		{E4631B4D-D383-41F4-9FF3-DE58CDAA08BF}.Release|Any CPU.Build.0 = Release|Any CPU
		{E4631B4D-D383-41F4-9FF3-DE58CDAA08BF}.Release|Mixed Platforms.ActiveCfg = Release|Any CPU
		{E4631B4D-D383-41F4-9FF3-DE58CDAA08BF}.Release|Mixed Platforms.Build.0 = Release|Any CPU
		{E4631B4D-D383-41F4-9FF3-DE58CDAA08BF}.Release|x86.ActiveCfg = Release|Any CPU
		{8262F063-4913-4C5B-ABF0-A37CD2F44BD3}.Debug|Any CPU.ActiveCfg = Debug|Any CPU
		{8262F063-4913-4C5B-ABF0-A37CD2F44BD3}.Debug|Any CPU.Build.0 = Debug|Any CPU
		{8262F063-4913-4C5B-ABF0-A37CD2F44BD3}.Debug|Mixed Platforms.ActiveCfg = Debug|Any CPU
		{8262F063-4913-4C5B-ABF0-A37CD2F44BD3}.Debug|Mixed Platforms.Build.0 = Debug|Any CPU
		{8262F063-4913-4C5B-ABF0-A37CD2F44BD3}.Debug|x86.ActiveCfg = Debug|Any CPU
		{8262F063-4913-4C5B-ABF0-A37CD2F44BD3}.Release|Any CPU.ActiveCfg = Release|Any CPU
		{8262F063-4913-4C5B-ABF0-A37CD2F44BD3}.Release|Any CPU.Build.0 = Release|Any CPU
		{8262F063-4913-4C5B-ABF0-A37CD2F44BD3}.Release|Mixed Platforms.ActiveCfg = Release|Any CPU
		{8262F063-4913-4C5B-ABF0-A37CD2F44BD3}.Release|Mixed Platforms.Build.0 = Release|Any CPU
		{8262F063-4913-4C5B-ABF0-A37CD2F44BD3}.Release|x86.ActiveCfg = Release|Any CPU
	EndGlobalSection
	GlobalSection(SolutionProperties) = preSolution
		HideSolutionNode = FALSE
	EndGlobalSection
EndGlobal
